
Microsoft Visual Studio Solution File, Format Version 12.00
# Visual Studio 15
VisualStudioVersion = 15.0.28010.2050
MinimumVisualStudioVersion = 10.0.40219.1
Project("{FAE04EC0-301F-11D3-BF4B-00C04F79EFBC}") = "MyBook", "MyBook\MyBook.csproj", "{CF36084D-EC27-486E-A4C4-6E1D8C8DA54C}"
EndProject
Project("{FAE04EC0-301F-11D3-BF4B-00C04F79EFBC}") = "MyBook.Tests", "MyBook.Tests\MyBook.Tests.csproj", "{50B6A753-07FA-4C18-B0A2-75AD884DAD2A}"
EndProject
Project("{FAE04EC0-301F-11D3-BF4B-00C04F79EFBC}") = "Logic", "Logic\Logic.csproj", "{151CC7C1-530F-4BB1-8D15-361911C161D8}"
EndProject
Project("{00D1A9C2-B5F0-4AF3-8072-F6C62B433612}") = "MyBookDbProject", "MyBookDbProject\MyBookDbProject.sqlproj", "{C20FE6D3-5741-45CB-84C7-339B41D2E7D7}"
EndProject
Global
	GlobalSection(SolutionConfigurationPlatforms) = preSolution
		Debug|Any CPU = Debug|Any CPU
		Release|Any CPU = Release|Any CPU
	EndGlobalSection
	GlobalSection(ProjectConfigurationPlatforms) = postSolution
		{CF36084D-EC27-486E-A4C4-6E1D8C8DA54C}.Debug|Any CPU.ActiveCfg = Debug|Any CPU
		{CF36084D-EC27-486E-A4C4-6E1D8C8DA54C}.Debug|Any CPU.Build.0 = Debug|Any CPU
		{CF36084D-EC27-486E-A4C4-6E1D8C8DA54C}.Release|Any CPU.ActiveCfg = Release|Any CPU
		{CF36084D-EC27-486E-A4C4-6E1D8C8DA54C}.Release|Any CPU.Build.0 = Release|Any CPU
		{50B6A753-07FA-4C18-B0A2-75AD884DAD2A}.Debug|Any CPU.ActiveCfg = Debug|Any CPU
		{50B6A753-07FA-4C18-B0A2-75AD884DAD2A}.Debug|Any CPU.Build.0 = Debug|Any CPU
		{50B6A753-07FA-4C18-B0A2-75AD884DAD2A}.Release|Any CPU.ActiveCfg = Release|Any CPU
		{50B6A753-07FA-4C18-B0A2-75AD884DAD2A}.Release|Any CPU.Build.0 = Release|Any CPU
		{151CC7C1-530F-4BB1-8D15-361911C161D8}.Debug|Any CPU.ActiveCfg = Debug|Any CPU
		{151CC7C1-530F-4BB1-8D15-361911C161D8}.Debug|Any CPU.Build.0 = Debug|Any CPU
		{151CC7C1-530F-4BB1-8D15-361911C161D8}.Release|Any CPU.ActiveCfg = Release|Any CPU
		{151CC7C1-530F-4BB1-8D15-361911C161D8}.Release|Any CPU.Build.0 = Release|Any CPU
		{C20FE6D3-5741-45CB-84C7-339B41D2E7D7}.Debug|Any CPU.ActiveCfg = Debug|Any CPU
		{C20FE6D3-5741-45CB-84C7-339B41D2E7D7}.Debug|Any CPU.Build.0 = Debug|Any CPU
		{C20FE6D3-5741-45CB-84C7-339B41D2E7D7}.Debug|Any CPU.Deploy.0 = Debug|Any CPU
		{C20FE6D3-5741-45CB-84C7-339B41D2E7D7}.Release|Any CPU.ActiveCfg = Release|Any CPU
		{C20FE6D3-5741-45CB-84C7-339B41D2E7D7}.Release|Any CPU.Build.0 = Release|Any CPU
		{C20FE6D3-5741-45CB-84C7-339B41D2E7D7}.Release|Any CPU.Deploy.0 = Release|Any CPU
	EndGlobalSection
	GlobalSection(SolutionProperties) = preSolution
		HideSolutionNode = FALSE
	EndGlobalSection
	GlobalSection(ExtensibilityGlobals) = postSolution
		SolutionGuid = {B47879E3-A4BE-4821-9458-FFCE7B341475}
	EndGlobalSection
EndGlobal
